// !$*UTF8*$!
{
	archiveVersion = 1;
	classes = {
	};
	objectVersion = 48;
	objects = {

/* Begin PBXBuildFile section */
		CC70CE292036E32F00B4FFC2 /* AppDelegate.m in Sources */ = {isa = PBXBuildFile; fileRef = CC70CE282036E32F00B4FFC2 /* AppDelegate.m */; };
		CC70CE2C2036E32F00B4FFC2 /* ViewController.m in Sources */ = {isa = PBXBuildFile; fileRef = CC70CE2B2036E32F00B4FFC2 /* ViewController.m */; };
		CC70CE2F2036E32F00B4FFC2 /* Main.storyboard in Resources */ = {isa = PBXBuildFile; fileRef = CC70CE2D2036E32F00B4FFC2 /* Main.storyboard */; };
		CC70CE312036E32F00B4FFC2 /* Assets.xcassets in Resources */ = {isa = PBXBuildFile; fileRef = CC70CE302036E32F00B4FFC2 /* Assets.xcassets */; };
		CC70CE342036E32F00B4FFC2 /* LaunchScreen.storyboard in Resources */ = {isa = PBXBuildFile; fileRef = CC70CE322036E32F00B4FFC2 /* LaunchScreen.storyboard */; };
		CC70CE372036E32F00B4FFC2 /* main.m in Sources */ = {isa = PBXBuildFile; fileRef = CC70CE362036E32F00B4FFC2 /* main.m */; };
		CC70CE412036E32F00B4FFC2 /* SWTaskTests.m in Sources */ = {isa = PBXBuildFile; fileRef = CC70CE402036E32F00B4FFC2 /* SWTaskTests.m */; };
/* End PBXBuildFile section */

/* Begin PBXContainerItemProxy section */
		CC70CE3D2036E32F00B4FFC2 /* PBXContainerItemProxy */ = {
			isa = PBXContainerItemProxy;
			containerPortal = CC70CE1C2036E32F00B4FFC2 /* Project object */;
			proxyType = 1;
			remoteGlobalIDString = CC70CE232036E32F00B4FFC2;
			remoteInfo = SWTask;
		};
/* End PBXContainerItemProxy section */

/* Begin PBXFileReference section */
		CC70CE242036E32F00B4FFC2 /* SWTask.app */ = {isa = PBXFileReference; explicitFileType = wrapper.application; includeInIndex = 0; path = SWTask.app; sourceTree = BUILT_PRODUCTS_DIR; };
		CC70CE272036E32F00B4FFC2 /* AppDelegate.h */ = {isa = PBXFileReference; lastKnownFileType = sourcecode.c.h; path = AppDelegate.h; sourceTree = "<group>"; };
		CC70CE282036E32F00B4FFC2 /* AppDelegate.m */ = {isa = PBXFileReference; lastKnownFileType = sourcecode.c.objc; path = AppDelegate.m; sourceTree = "<group>"; };
		CC70CE2A2036E32F00B4FFC2 /* ViewController.h */ = {isa = PBXFileReference; lastKnownFileType = sourcecode.c.h; path = ViewController.h; sourceTree = "<group>"; };
		CC70CE2B2036E32F00B4FFC2 /* ViewController.m */ = {isa = PBXFileReference; lastKnownFileType = sourcecode.c.objc; path = ViewController.m; sourceTree = "<group>"; };
		CC70CE2E2036E32F00B4FFC2 /* Base */ = {isa = PBXFileReference; lastKnownFileType = file.storyboard; name = Base; path = Base.lproj/Main.storyboard; sourceTree = "<group>"; };
		CC70CE302036E32F00B4FFC2 /* Assets.xcassets */ = {isa = PBXFileReference; lastKnownFileType = folder.assetcatalog; path = Assets.xcassets; sourceTree = "<group>"; };
		CC70CE332036E32F00B4FFC2 /* Base */ = {isa = PBXFileReference; lastKnownFileType = file.storyboard; name = Base; path = Base.lproj/LaunchScreen.storyboard; sourceTree = "<group>"; };
		CC70CE352036E32F00B4FFC2 /* Info.plist */ = {isa = PBXFileReference; lastKnownFileType = text.plist.xml; path = Info.plist; sourceTree = "<group>"; };
		CC70CE362036E32F00B4FFC2 /* main.m */ = {isa = PBXFileReference; lastKnownFileType = sourcecode.c.objc; path = main.m; sourceTree = "<group>"; };
		CC70CE3C2036E32F00B4FFC2 /* SWTaskTests.xctest */ = {isa = PBXFileReference; explicitFileType = wrapper.cfbundle; includeInIndex = 0; path = SWTaskTests.xctest; sourceTree = BUILT_PRODUCTS_DIR; };
		CC70CE402036E32F00B4FFC2 /* SWTaskTests.m */ = {isa = PBXFileReference; lastKnownFileType = sourcecode.c.objc; path = SWTaskTests.m; sourceTree = "<group>"; };
		CC70CE422036E32F00B4FFC2 /* Info.plist */ = {isa = PBXFileReference; lastKnownFileType = text.plist.xml; path = Info.plist; sourceTree = "<group>"; };
/* End PBXFileReference section */

/* Begin PBXFrameworksBuildPhase section */
		CC70CE212036E32F00B4FFC2 /* Frameworks */ = {
			isa = PBXFrameworksBuildPhase;
			buildActionMask = 2147483647;
			files = (
			);
			runOnlyForDeploymentPostprocessing = 0;
		};
		CC70CE392036E32F00B4FFC2 /* Frameworks */ = {
			isa = PBXFrameworksBuildPhase;
			buildActionMask = 2147483647;
			files = (
			);
			runOnlyForDeploymentPostprocessing = 0;
		};
/* End PBXFrameworksBuildPhase section */

/* Begin PBXGroup section */
		CC70CE1B2036E32F00B4FFC2 = {
			isa = PBXGroup;
			children = (
				CC70CE262036E32F00B4FFC2 /* SWTask */,
				CC70CE3F2036E32F00B4FFC2 /* SWTaskTests */,
				CC70CE252036E32F00B4FFC2 /* Products */,
			);
			sourceTree = "<group>";
		};
		CC70CE252036E32F00B4FFC2 /* Products */ = {
			isa = PBXGroup;
			children = (
				CC70CE242036E32F00B4FFC2 /* SWTask.app */,
				CC70CE3C2036E32F00B4FFC2 /* SWTaskTests.xctest */,
			);
			name = Products;
			sourceTree = "<group>";
		};
		CC70CE262036E32F00B4FFC2 /* SWTask */ = {
			isa = PBXGroup;
			children = (
				CC70CE272036E32F00B4FFC2 /* AppDelegate.h */,
				CC70CE282036E32F00B4FFC2 /* AppDelegate.m */,
				CC70CE2A2036E32F00B4FFC2 /* ViewController.h */,
				CC70CE2B2036E32F00B4FFC2 /* ViewController.m */,
				CC70CE2D2036E32F00B4FFC2 /* Main.storyboard */,
				CC70CE302036E32F00B4FFC2 /* Assets.xcassets */,
				CC70CE322036E32F00B4FFC2 /* LaunchScreen.storyboard */,
				CC70CE352036E32F00B4FFC2 /* Info.plist */,
				CC70CE362036E32F00B4FFC2 /* main.m */,
			);
			path = SWTask;
			sourceTree = "<group>";
		};
		CC70CE3F2036E32F00B4FFC2 /* SWTaskTests */ = {
			isa = PBXGroup;
			children = (
				CC70CE402036E32F00B4FFC2 /* SWTaskTests.m */,
				CC70CE422036E32F00B4FFC2 /* Info.plist */,
			);
			path = SWTaskTests;
			sourceTree = "<group>";
		};
/* End PBXGroup section */

/* Begin PBXNativeTarget section */
		CC70CE232036E32F00B4FFC2 /* SWTask */ = {
			isa = PBXNativeTarget;
			buildConfigurationList = CC70CE452036E32F00B4FFC2 /* Build configuration list for PBXNativeTarget "SWTask" */;
			buildPhases = (
				CC70CE202036E32F00B4FFC2 /* Sources */,
				CC70CE212036E32F00B4FFC2 /* Frameworks */,
				CC70CE222036E32F00B4FFC2 /* Resources */,
			);
			buildRules = (
			);
			dependencies = (
			);
			name = SWTask;
			productName = SWTask;
			productReference = CC70CE242036E32F00B4FFC2 /* SWTask.app */;
			productType = "com.apple.product-type.application";
		};
		CC70CE3B2036E32F00B4FFC2 /* SWTaskTests */ = {
			isa = PBXNativeTarget;
			buildConfigurationList = CC70CE482036E32F00B4FFC2 /* Build configuration list for PBXNativeTarget "SWTaskTests" */;
			buildPhases = (
				CC70CE382036E32F00B4FFC2 /* Sources */,
				CC70CE392036E32F00B4FFC2 /* Frameworks */,
				CC70CE3A2036E32F00B4FFC2 /* Resources */,
			);
			buildRules = (
			);
			dependencies = (
				CC70CE3E2036E32F00B4FFC2 /* PBXTargetDependency */,
			);
			name = SWTaskTests;
			productName = SWTaskTests;
			productReference = CC70CE3C2036E32F00B4FFC2 /* SWTaskTests.xctest */;
			productType = "com.apple.product-type.bundle.unit-test";
		};
/* End PBXNativeTarget section */

/* Begin PBXProject section */
		CC70CE1C2036E32F00B4FFC2 /* Project object */ = {
			isa = PBXProject;
			attributes = {
				LastUpgradeCheck = 0920;
				ORGANIZATIONNAME = ArtsemiRyzhankou;
				TargetAttributes = {
					CC70CE232036E32F00B4FFC2 = {
						CreatedOnToolsVersion = 9.2;
						ProvisioningStyle = Automatic;
					};
					CC70CE3B2036E32F00B4FFC2 = {
						CreatedOnToolsVersion = 9.2;
						ProvisioningStyle = Automatic;
						TestTargetID = CC70CE232036E32F00B4FFC2;
					};
				};
			};
			buildConfigurationList = CC70CE1F2036E32F00B4FFC2 /* Build configuration list for PBXProject "SWTask" */;
			compatibilityVersion = "Xcode 8.0";
			developmentRegion = en;
			hasScannedForEncodings = 0;
			knownRegions = (
				en,
				Base,
			);
			mainGroup = CC70CE1B2036E32F00B4FFC2;
			productRefGroup = CC70CE252036E32F00B4FFC2 /* Products */;
			projectDirPath = "";
			projectRoot = "";
			targets = (
				CC70CE232036E32F00B4FFC2 /* SWTask */,
				CC70CE3B2036E32F00B4FFC2 /* SWTaskTests */,
			);
		};
/* End PBXProject section */

/* Begin PBXResourcesBuildPhase section */
		CC70CE222036E32F00B4FFC2 /* Resources */ = {
			isa = PBXResourcesBuildPhase;
			buildActionMask = 2147483647;
			files = (
				CC70CE342036E32F00B4FFC2 /* LaunchScreen.storyboard in Resources */,
				CC70CE312036E32F00B4FFC2 /* Assets.xcassets in Resources */,
				CC70CE2F2036E32F00B4FFC2 /* Main.storyboard in Resources */,
			);
			runOnlyForDeploymentPostprocessing = 0;
		};
		CC70CE3A2036E32F00B4FFC2 /* Resources */ = {
			isa = PBXResourcesBuildPhase;
			buildActionMask = 2147483647;
			files = (
			);
			runOnlyForDeploymentPostprocessing = 0;
		};
/* End PBXResourcesBuildPhase section */

/* Begin PBXSourcesBuildPhase section */
		CC70CE202036E32F00B4FFC2 /* Sources */ = {
			isa = PBXSourcesBuildPhase;
			buildActionMask = 2147483647;
			files = (
				CC70CE2C2036E32F00B4FFC2 /* ViewController.m in Sources */,
				CC70CE372036E32F00B4FFC2 /* main.m in Sources */,
				CC70CE292036E32F00B4FFC2 /* AppDelegate.m in Sources */,
			);
			runOnlyForDeploymentPostprocessing = 0;
		};
		CC70CE382036E32F00B4FFC2 /* Sources */ = {
			isa = PBXSourcesBuildPhase;
			buildActionMask = 2147483647;
			files = (
				CC70CE412036E32F00B4FFC2 /* SWTaskTests.m in Sources */,
			);
			runOnlyForDeploymentPostprocessing = 0;
		};
/* End PBXSourcesBuildPhase section */

/* Begin PBXTargetDependency section */
		CC70CE3E2036E32F00B4FFC2 /* PBXTargetDependency */ = {
			isa = PBXTargetDependency;
			target = CC70CE232036E32F00B4FFC2 /* SWTask */;
			targetProxy = CC70CE3D2036E32F00B4FFC2 /* PBXContainerItemProxy */;
		};
/* End PBXTargetDependency section */

/* Begin PBXVariantGroup section */
		CC70CE2D2036E32F00B4FFC2 /* Main.storyboard */ = {
			isa = PBXVariantGroup;
			children = (
				CC70CE2E2036E32F00B4FFC2 /* Base */,
			);
			name = Main.storyboard;
			sourceTree = "<group>";
		};
		CC70CE322036E32F00B4FFC2 /* LaunchScreen.storyboard */ = {
			isa = PBXVariantGroup;
			children = (
				CC70CE332036E32F00B4FFC2 /* Base */,
			);
			name = LaunchScreen.storyboard;
			sourceTree = "<group>";
		};
/* End PBXVariantGroup section */

/* Begin XCBuildConfiguration section */
		CC70CE432036E32F00B4FFC2 /* Debug */ = {
			isa = XCBuildConfiguration;
			buildSettings = {
				ALWAYS_SEARCH_USER_PATHS = NO;
				CLANG_ANALYZER_NONNULL = YES;
				CLANG_ANALYZER_NUMBER_OBJECT_CONVERSION = YES_AGGRESSIVE;
				CLANG_CXX_LANGUAGE_STANDARD = "gnu++14";
				CLANG_CXX_LIBRARY = "libc++";
				CLANG_ENABLE_MODULES = YES;
				CLANG_ENABLE_OBJC_ARC = YES;
				CLANG_WARN_BLOCK_CAPTURE_AUTORELEASING = YES;
				CLANG_WARN_BOOL_CONVERSION = YES;
				CLANG_WARN_COMMA = YES;
				CLANG_WARN_CONSTANT_CONVERSION = YES;
				CLANG_WARN_DIRECT_OBJC_ISA_USAGE = YES_ERROR;
				CLANG_WARN_DOCUMENTATION_COMMENTS = YES;
				CLANG_WARN_EMPTY_BODY = YES;
				CLANG_WARN_ENUM_CONVERSION = YES;
				CLANG_WARN_INFINITE_RECURSION = YES;
				CLANG_WARN_INT_CONVERSION = YES;
				CLANG_WARN_NON_LITERAL_NULL_CONVERSION = YES;
				CLANG_WARN_OBJC_LITERAL_CONVERSION = YES;
				CLANG_WARN_OBJC_ROOT_CLASS = YES_ERROR;
				CLANG_WARN_RANGE_LOOP_ANALYSIS = YES;
				CLANG_WARN_STRICT_PROTOTYPES = YES;
				CLANG_WARN_SUSPICIOUS_MOVE = YES;
				CLANG_WARN_UNGUARDED_AVAILABILITY = YES_AGGRESSIVE;
				CLANG_WARN_UNREACHABLE_CODE = YES;
				CLANG_WARN__DUPLICATE_METHOD_MATCH = YES;
				CODE_SIGN_IDENTITY = "iPhone Developer";
				COPY_PHASE_STRIP = NO;
				DEBUG_INFORMATION_FORMAT = dwarf;
				ENABLE_STRICT_OBJC_MSGSEND = YES;
				ENABLE_TESTABILITY = YES;
				GCC_C_LANGUAGE_STANDARD = gnu11;
				GCC_DYNAMIC_NO_PIC = NO;
				GCC_NO_COMMON_BLOCKS = YES;
				GCC_OPTIMIZATION_LEVEL = 0;
				GCC_PREPROCESSOR_DEFINITIONS = (
					"DEBUG=1",
					"$(inherited)",
				);
				GCC_WARN_64_TO_32_BIT_CONVERSION = YES;
				GCC_WARN_ABOUT_RETURN_TYPE = YES_ERROR;
				GCC_WARN_UNDECLARED_SELECTOR = YES;
				GCC_WARN_UNINITIALIZED_AUTOS = YES_AGGRESSIVE;
				GCC_WARN_UNUSED_FUNCTION = YES;
				GCC_WARN_UNUSED_VARIABLE = YES;
				IPHONEOS_DEPLOYMENT_TARGET = 11.2;
				MTL_ENABLE_DEBUG_INFO = YES;
				ONLY_ACTIVE_ARCH = YES;
				SDKROOT = iphoneos;
			};
			name = Debug;
		};
		CC70CE442036E32F00B4FFC2 /* Release */ = {
			isa = XCBuildConfiguration;
			buildSettings = {
				ALWAYS_SEARCH_USER_PATHS = NO;
				CLANG_ANALYZER_NONNULL = YES;
				CLANG_ANALYZER_NUMBER_OBJECT_CONVERSION = YES_AGGRESSIVE;
				CLANG_CXX_LANGUAGE_STANDARD = "gnu++14";
				CLANG_CXX_LIBRARY = "libc++";
				CLANG_ENABLE_MODULES = YES;
				CLANG_ENABLE_OBJC_ARC = YES;
				CLANG_WARN_BLOCK_CAPTURE_AUTORELEASING = YES;
				CLANG_WARN_BOOL_CONVERSION = YES;
				CLANG_WARN_COMMA = YES;
				CLANG_WARN_CONSTANT_CONVERSION = YES;
				CLANG_WARN_DIRECT_OBJC_ISA_USAGE = YES_ERROR;
				CLANG_WARN_DOCUMENTATION_COMMENTS = YES;
				CLANG_WARN_EMPTY_BODY = YES;
				CLANG_WARN_ENUM_CONVERSION = YES;
				CLANG_WARN_INFINITE_RECURSION = YES;
				CLANG_WARN_INT_CONVERSION = YES;
				CLANG_WARN_NON_LITERAL_NULL_CONVERSION = YES;
				CLANG_WARN_OBJC_LITERAL_CONVERSION = YES;
				CLANG_WARN_OBJC_ROOT_CLASS = YES_ERROR;
				CLANG_WARN_RANGE_LOOP_ANALYSIS = YES;
				CLANG_WARN_STRICT_PROTOTYPES = YES;
				CLANG_WARN_SUSPICIOUS_MOVE = YES;
				CLANG_WARN_UNGUARDED_AVAILABILITY = YES_AGGRESSIVE;
				CLANG_WARN_UNREACHABLE_CODE = YES;
				CLANG_WARN__DUPLICATE_METHOD_MATCH = YES;
				CODE_SIGN_IDENTITY = "iPhone Developer";
				COPY_PHASE_STRIP = NO;
				DEBUG_INFORMATION_FORMAT = "dwarf-with-dsym";
				ENABLE_NS_ASSERTIONS = NO;
				ENABLE_STRICT_OBJC_MSGSEND = YES;
				GCC_C_LANGUAGE_STANDARD = gnu11;
				GCC_NO_COMMON_BLOCKS = YES;
				GCC_WARN_64_TO_32_BIT_CONVERSION = YES;
				GCC_WARN_ABOUT_RETURN_TYPE = YES_ERROR;
				GCC_WARN_UNDECLARED_SELECTOR = YES;
				GCC_WARN_UNINITIALIZED_AUTOS = YES_AGGRESSIVE;
				GCC_WARN_UNUSED_FUNCTION = YES;
				GCC_WARN_UNUSED_VARIABLE = YES;
				IPHONEOS_DEPLOYMENT_TARGET = 11.2;
				MTL_ENABLE_DEBUG_INFO = NO;
				SDKROOT = iphoneos;
				VALIDATE_PRODUCT = YES;
			};
			name = Release;
		};
		CC70CE462036E32F00B4FFC2 /* Debug */ = {
			isa = XCBuildConfiguration;
			buildSettings = {
				ASSETCATALOG_COMPILER_APPICON_NAME = AppIcon;
				CODE_SIGN_STYLE = Automatic;
				DEVELOPMENT_TEAM = L8TNME9M5W;
				INFOPLIST_FILE = SWTask/Info.plist;
				LD_RUNPATH_SEARCH_PATHS = "$(inherited) @executable_path/Frameworks";
				PRODUCT_BUNDLE_IDENTIFIER = com.artsemiryzhankou.SWTask;
				PRODUCT_NAME = "$(TARGET_NAME)";
				TARGETED_DEVICE_FAMILY = "1,2";
			};
			name = Debug;
		};
		CC70CE472036E32F00B4FFC2 /* Release */ = {
			isa = XCBuildConfiguration;
			buildSettings = {
				ASSETCATALOG_COMPILER_APPICON_NAME = AppIcon;
				CODE_SIGN_STYLE = Automatic;
				DEVELOPMENT_TEAM = L8TNME9M5W;
				INFOPLIST_FILE = SWTask/Info.plist;
				LD_RUNPATH_SEARCH_PATHS = "$(inherited) @executable_path/Frameworks";
				PRODUCT_BUNDLE_IDENTIFIER = com.artsemiryzhankou.SWTask;
				PRODUCT_NAME = "$(TARGET_NAME)";
				TARGETED_DEVICE_FAMILY = "1,2";
			};
			name = Release;
		};
		CC70CE492036E32F00B4FFC2 /* Debug */ = {
			isa = XCBuildConfiguration;
			buildSettings = {
				BUNDLE_LOADER = "$(TEST_HOST)";
				CODE_SIGN_STYLE = Automatic;
				DEVELOPMENT_TEAM = L8TNME9M5W;
				INFOPLIST_FILE = SWTaskTests/Info.plist;
				LD_RUNPATH_SEARCH_PATHS = "$(inherited) @executable_path/Frameworks @loader_path/Frameworks";
				PRODUCT_BUNDLE_IDENTIFIER = com.artsemiryzhankou.SWTaskTests;
				PRODUCT_NAME = "$(TARGET_NAME)";
				TARGETED_DEVICE_FAMILY = "1,2";
				TEST_HOST = "$(BUILT_PRODUCTS_DIR)/SWTask.app/SWTask";
			};
			name = Debug;
		};
		CC70CE4A2036E32F00B4FFC2 /* Release */ = {
			isa = XCBuildConfiguration;
			buildSettings = {
				BUNDLE_LOADER = "$(TEST_HOST)";
				CODE_SIGN_STYLE = Automatic;
				DEVELOPMENT_TEAM = L8TNME9M5W;
				INFOPLIST_FILE = SWTaskTests/Info.plist;
				LD_RUNPATH_SEARCH_PATHS = "$(inherited) @executable_path/Frameworks @loader_path/Frameworks";
				PRODUCT_BUNDLE_IDENTIFIER = com.artsemiryzhankou.SWTaskTests;
				PRODUCT_NAME = "$(TARGET_NAME)";
				TARGETED_DEVICE_FAMILY = "1,2";
				TEST_HOST = "$(BUILT_PRODUCTS_DIR)/SWTask.app/SWTask";
			};
			name = Release;
		};
/* End XCBuildConfiguration section */

/* Begin XCConfigurationList section */
		CC70CE1F2036E32F00B4FFC2 /* Build configuration list for PBXProject "SWTask" */ = {
			isa = XCConfigurationList;
			buildConfigurations = (
				CC70CE432036E32F00B4FFC2 /* Debug */,
				CC70CE442036E32F00B4FFC2 /* Release */,
			);
			defaultConfigurationIsVisible = 0;
			defaultConfigurationName = Release;
		};
		CC70CE452036E32F00B4FFC2 /* Build configuration list for PBXNativeTarget "SWTask" */ = {
			isa = XCConfigurationList;
			buildConfigurations = (
				CC70CE462036E32F00B4FFC2 /* Debug */,
				CC70CE472036E32F00B4FFC2 /* Release */,
			);
			defaultConfigurationIsVisible = 0;
			defaultConfigurationName = Release;
		};
		CC70CE482036E32F00B4FFC2 /* Build configuration list for PBXNativeTarget "SWTaskTests" */ = {
			isa = XCConfigurationList;
			buildConfigurations = (
				CC70CE492036E32F00B4FFC2 /* Debug */,
				CC70CE4A2036E32F00B4FFC2 /* Release */,
			);
			defaultConfigurationIsVisible = 0;
			defaultConfigurationName = Release;
		};
/* End XCConfigurationList section */
	};
	rootObject = CC70CE1C2036E32F00B4FFC2 /* Project object */;
}
